
Microsoft Visual Studio Solution File, Format Version 12.00
# Visual Studio Version 16
VisualStudioVersion = 16.0.31515.178
MinimumVisualStudioVersion = 10.0.40219.1
Project("{9A19103F-16F7-4668-BE54-9A1E7A4F7556}") = "MusicBot", "MusicBot\MusicBot.csproj", "{79FE70DD-95B3-4FF5-8199-DFF5BE35FACA}"
EndProject
Project("{FAE04EC0-301F-11D3-BF4B-00C04F79EFBC}") = "MusicWebServer", "MusicWebServer\MusicWebServer.csproj", "{5C0407E6-C7B3-4857-A4F1-2A29040C2551}"
EndProject
Global
	GlobalSection(SolutionConfigurationPlatforms) = preSolution
		Debug|Any CPU = Debug|Any CPU
		Release|Any CPU = Release|Any CPU
	EndGlobalSection
	GlobalSection(ProjectConfigurationPlatforms) = postSolution
		{79FE70DD-95B3-4FF5-8199-DFF5BE35FACA}.Debug|Any CPU.ActiveCfg = Debug|Any CPU
		{79FE70DD-95B3-4FF5-8199-DFF5BE35FACA}.Debug|Any CPU.Build.0 = Debug|Any CPU
		{79FE70DD-95B3-4FF5-8199-DFF5BE35FACA}.Release|Any CPU.ActiveCfg = Release|Any CPU
		{79FE70DD-95B3-4FF5-8199-DFF5BE35FACA}.Release|Any CPU.Build.0 = Release|Any CPU
		{5C0407E6-C7B3-4857-A4F1-2A29040C2551}.Debug|Any CPU.ActiveCfg = Debug|Any CPU
		{5C0407E6-C7B3-4857-A4F1-2A29040C2551}.Debug|Any CPU.Build.0 = Debug|Any CPU
		{5C0407E6-C7B3-4857-A4F1-2A29040C2551}.Release|Any CPU.ActiveCfg = Release|Any CPU
		{5C0407E6-C7B3-4857-A4F1-2A29040C2551}.Release|Any CPU.Build.0 = Release|Any CPU
	EndGlobalSection
	GlobalSection(SolutionProperties) = preSolution
		HideSolutionNode = FALSE
	EndGlobalSection
	GlobalSection(ExtensibilityGlobals) = postSolution
		SolutionGuid = {CF9B614B-5211-4260-B835-FB34A17740AE}
	EndGlobalSection
EndGlobal
